
Microsoft Visual Studio Solution File, Format Version 12.00
# Visual Studio Version 16
VisualStudioVersion = 16.0.32630.194
MinimumVisualStudioVersion = 10.0.40219.1
Project("{2150E333-8FDC-42A3-9474-1A3956D46DE8}") = "Services", "Services", "{3944CC8E-F1AE-4992-A184-38EFEE9CEDAC}"
EndProject
Project("{2150E333-8FDC-42A3-9474-1A3956D46DE8}") = "Catalogue", "Catalogue", "{C8C157D1-6AB7-4A43-A28E-299949882B1F}"
EndProject
Project("{9A19103F-16F7-4668-BE54-9A1E7A4F7556}") = "Catalogue.API", "Services\Catalogue\Catalogue.API\Catalogue.API.csproj", "{DCF4577F-B9FC-4356-8C23-B32DE12F596A}"
EndProject
Project("{E53339B2-1760-4266-BCC7-CA923CBCF16C}") = "docker-compose", "docker-compose.dcproj", "{20B4185C-1C24-49D5-BE76-2B0D7E72F59E}"
EndProject
Project("{2150E333-8FDC-42A3-9474-1A3956D46DE8}") = "Basket", "Basket", "{FD71B5F6-4C7F-43DB-BC1A-125F654EACD1}"
EndProject
Project("{9A19103F-16F7-4668-BE54-9A1E7A4F7556}") = "Basket.API", "Services\Basket\Basket.API\Basket.API.csproj", "{D02DA04F-DE5D-47E1-B683-5722F288EEA9}"
EndProject
Project("{2150E333-8FDC-42A3-9474-1A3956D46DE8}") = "Discount", "Discount", "{72D17C9D-DD33-4DBC-A32F-6E08EFE7EB69}"
EndProject
Project("{9A19103F-16F7-4668-BE54-9A1E7A4F7556}") = "Discount.API", "Services\Discount\Discount.API\Discount.API.csproj", "{3A3FDC44-AF8B-46B7-97EC-54AF9FD1763A}"
EndProject
Project("{FAE04EC0-301F-11D3-BF4B-00C04F79EFBC}") = "Discount.Grpc", "Services\Discount\Discount.Grpc\Discount.Grpc.csproj", "{D8133334-B9EC-4DA2-B992-0530314D63A1}"
EndProject
Global
	GlobalSection(SolutionConfigurationPlatforms) = preSolution
		Debug|Any CPU = Debug|Any CPU
		Release|Any CPU = Release|Any CPU
	EndGlobalSection
	GlobalSection(ProjectConfigurationPlatforms) = postSolution
		{DCF4577F-B9FC-4356-8C23-B32DE12F596A}.Debug|Any CPU.ActiveCfg = Debug|Any CPU
		{DCF4577F-B9FC-4356-8C23-B32DE12F596A}.Debug|Any CPU.Build.0 = Debug|Any CPU
		{DCF4577F-B9FC-4356-8C23-B32DE12F596A}.Release|Any CPU.ActiveCfg = Release|Any CPU
		{DCF4577F-B9FC-4356-8C23-B32DE12F596A}.Release|Any CPU.Build.0 = Release|Any CPU
		{20B4185C-1C24-49D5-BE76-2B0D7E72F59E}.Debug|Any CPU.ActiveCfg = Debug|Any CPU
		{20B4185C-1C24-49D5-BE76-2B0D7E72F59E}.Debug|Any CPU.Build.0 = Debug|Any CPU
		{20B4185C-1C24-49D5-BE76-2B0D7E72F59E}.Release|Any CPU.ActiveCfg = Release|Any CPU
		{20B4185C-1C24-49D5-BE76-2B0D7E72F59E}.Release|Any CPU.Build.0 = Release|Any CPU
		{D02DA04F-DE5D-47E1-B683-5722F288EEA9}.Debug|Any CPU.ActiveCfg = Debug|Any CPU
		{D02DA04F-DE5D-47E1-B683-5722F288EEA9}.Debug|Any CPU.Build.0 = Debug|Any CPU
		{D02DA04F-DE5D-47E1-B683-5722F288EEA9}.Release|Any CPU.ActiveCfg = Release|Any CPU
		{D02DA04F-DE5D-47E1-B683-5722F288EEA9}.Release|Any CPU.Build.0 = Release|Any CPU
		{3A3FDC44-AF8B-46B7-97EC-54AF9FD1763A}.Debug|Any CPU.ActiveCfg = Debug|Any CPU
		{3A3FDC44-AF8B-46B7-97EC-54AF9FD1763A}.Debug|Any CPU.Build.0 = Debug|Any CPU
		{3A3FDC44-AF8B-46B7-97EC-54AF9FD1763A}.Release|Any CPU.ActiveCfg = Release|Any CPU
		{3A3FDC44-AF8B-46B7-97EC-54AF9FD1763A}.Release|Any CPU.Build.0 = Release|Any CPU
		{D8133334-B9EC-4DA2-B992-0530314D63A1}.Debug|Any CPU.ActiveCfg = Debug|Any CPU
		{D8133334-B9EC-4DA2-B992-0530314D63A1}.Debug|Any CPU.Build.0 = Debug|Any CPU
		{D8133334-B9EC-4DA2-B992-0530314D63A1}.Release|Any CPU.ActiveCfg = Release|Any CPU
		{D8133334-B9EC-4DA2-B992-0530314D63A1}.Release|Any CPU.Build.0 = Release|Any CPU
	EndGlobalSection
	GlobalSection(SolutionProperties) = preSolution
		HideSolutionNode = FALSE
	EndGlobalSection
	GlobalSection(NestedProjects) = preSolution
		{C8C157D1-6AB7-4A43-A28E-299949882B1F} = {3944CC8E-F1AE-4992-A184-38EFEE9CEDAC}
		{DCF4577F-B9FC-4356-8C23-B32DE12F596A} = {C8C157D1-6AB7-4A43-A28E-299949882B1F}
		{FD71B5F6-4C7F-43DB-BC1A-125F654EACD1} = {3944CC8E-F1AE-4992-A184-38EFEE9CEDAC}
		{D02DA04F-DE5D-47E1-B683-5722F288EEA9} = {FD71B5F6-4C7F-43DB-BC1A-125F654EACD1}
		{72D17C9D-DD33-4DBC-A32F-6E08EFE7EB69} = {3944CC8E-F1AE-4992-A184-38EFEE9CEDAC}
		{3A3FDC44-AF8B-46B7-97EC-54AF9FD1763A} = {72D17C9D-DD33-4DBC-A32F-6E08EFE7EB69}
		{D8133334-B9EC-4DA2-B992-0530314D63A1} = {72D17C9D-DD33-4DBC-A32F-6E08EFE7EB69}
	EndGlobalSection
	GlobalSection(ExtensibilityGlobals) = postSolution
		SolutionGuid = {59D14FF9-D7FA-426F-9388-8C0DCB29C6F1}
	EndGlobalSection
EndGlobal
